
Microsoft Visual Studio Solution File, Format Version 12.00
# Visual Studio Version 17
VisualStudioVersion = 17.3.32825.248
MinimumVisualStudioVersion = 10.0.40219.1
Project("{FAE04EC0-301F-11D3-BF4B-00C04F79EFBC}") = "App_for_testing", "App_for_testing\App_for_testing.csproj", "{40A6779B-04F3-4853-BBEB-7907D3B40A38}"
EndProject
Project("{FAE04EC0-301F-11D3-BF4B-00C04F79EFBC}") = "Cafe_Lib", "..\Cafe_Lib\Cafe_Lib\Cafe_Lib.csproj", "{89708610-DEF3-4F76-9AF7-5257AA6DE0C2}"
EndProject
Global
	GlobalSection(SolutionConfigurationPlatforms) = preSolution
		Debug|Any CPU = Debug|Any CPU
		Release|Any CPU = Release|Any CPU
	EndGlobalSection
	GlobalSection(ProjectConfigurationPlatforms) = postSolution
		{40A6779B-04F3-4853-BBEB-7907D3B40A38}.Debug|Any CPU.ActiveCfg = Debug|Any CPU
		{40A6779B-04F3-4853-BBEB-7907D3B40A38}.Debug|Any CPU.Build.0 = Debug|Any CPU
		{40A6779B-04F3-4853-BBEB-7907D3B40A38}.Release|Any CPU.ActiveCfg = Release|Any CPU
		{40A6779B-04F3-4853-BBEB-7907D3B40A38}.Release|Any CPU.Build.0 = Release|Any CPU
		{89708610-DEF3-4F76-9AF7-5257AA6DE0C2}.Debug|Any CPU.ActiveCfg = Debug|Any CPU
		{89708610-DEF3-4F76-9AF7-5257AA6DE0C2}.Debug|Any CPU.Build.0 = Debug|Any CPU
		{89708610-DEF3-4F76-9AF7-5257AA6DE0C2}.Release|Any CPU.ActiveCfg = Release|Any CPU
		{89708610-DEF3-4F76-9AF7-5257AA6DE0C2}.Release|Any CPU.Build.0 = Release|Any CPU
	EndGlobalSection
	GlobalSection(SolutionProperties) = preSolution
		HideSolutionNode = FALSE
	EndGlobalSection
	GlobalSection(ExtensibilityGlobals) = postSolution
		SolutionGuid = {4778062D-252F-4738-B13C-71E7D1496553}
	EndGlobalSection
EndGlobal
